
Microsoft Visual Studio Solution File, Format Version 12.00
# Visual Studio 2013
VisualStudioVersion = 12.0.31101.0
MinimumVisualStudioVersion = 10.0.40219.1
Project("{FAE04EC0-301F-11D3-BF4B-00C04F79EFBC}") = "Client", "Client\Client.csproj", "{4E18A873-12C7-4367-9B38-FCCE08DE17E3}"
EndProject
Project("{FAE04EC0-301F-11D3-BF4B-00C04F79EFBC}") = "Service", "Service\Service.csproj", "{1BF3E2C7-C4A5-44FB-B714-E54DF1363558}"
EndProject
Project("{FAE04EC0-301F-11D3-BF4B-00C04F79EFBC}") = "SemanticAnalysisTests", "UnitTestProject1\SemanticAnalysisTests.csproj", "{55633A95-F55F-4126-99B5-3974AC1B8E95}"
EndProject
Global
	GlobalSection(SolutionConfigurationPlatforms) = preSolution
		Debug|Any CPU = Debug|Any CPU
		Release|Any CPU = Release|Any CPU
	EndGlobalSection
	GlobalSection(ProjectConfigurationPlatforms) = postSolution
		{4E18A873-12C7-4367-9B38-FCCE08DE17E3}.Debug|Any CPU.ActiveCfg = Debug|Any CPU
		{4E18A873-12C7-4367-9B38-FCCE08DE17E3}.Debug|Any CPU.Build.0 = Debug|Any CPU
		{4E18A873-12C7-4367-9B38-FCCE08DE17E3}.Release|Any CPU.ActiveCfg = Release|Any CPU
		{4E18A873-12C7-4367-9B38-FCCE08DE17E3}.Release|Any CPU.Build.0 = Release|Any CPU
		{1BF3E2C7-C4A5-44FB-B714-E54DF1363558}.Debug|Any CPU.ActiveCfg = Debug|Any CPU
		{1BF3E2C7-C4A5-44FB-B714-E54DF1363558}.Debug|Any CPU.Build.0 = Debug|Any CPU
		{1BF3E2C7-C4A5-44FB-B714-E54DF1363558}.Release|Any CPU.ActiveCfg = Release|Any CPU
		{1BF3E2C7-C4A5-44FB-B714-E54DF1363558}.Release|Any CPU.Build.0 = Release|Any CPU
		{55633A95-F55F-4126-99B5-3974AC1B8E95}.Debug|Any CPU.ActiveCfg = Debug|Any CPU
		{55633A95-F55F-4126-99B5-3974AC1B8E95}.Debug|Any CPU.Build.0 = Debug|Any CPU
		{55633A95-F55F-4126-99B5-3974AC1B8E95}.Release|Any CPU.ActiveCfg = Release|Any CPU
		{55633A95-F55F-4126-99B5-3974AC1B8E95}.Release|Any CPU.Build.0 = Release|Any CPU
	EndGlobalSection
	GlobalSection(SolutionProperties) = preSolution
		HideSolutionNode = FALSE
	EndGlobalSection
EndGlobal
